
Microsoft Visual Studio Solution File, Format Version 12.00
# Visual Studio Version 17
VisualStudioVersion = 17.4.33110.190
MinimumVisualStudioVersion = 10.0.40219.1
Project("{9A19103F-16F7-4668-BE54-9A1E7A4F7556}") = "01-Area", "01-Area\01-Area.csproj", "{9518B971-AF2E-441B-93C4-FF42A71A4271}"
EndProject
Project("{9A19103F-16F7-4668-BE54-9A1E7A4F7556}") = "02-StandardDeviation", "StandardDeviation\02-StandardDeviation.csproj", "{D333DCEA-BD04-4A6D-B11D-A6EEE511E48F}"
EndProject
Project("{FAE04EC0-301F-11D3-BF4B-00C04F79EFBC}") = "Insertion Sort", "Insertion Sort\Insertion Sort.csproj", "{79C74CA0-5F31-498D-9735-1247CC9AB8AA}"
EndProject
Global
	GlobalSection(SolutionConfigurationPlatforms) = preSolution
		Debug|Any CPU = Debug|Any CPU
		Release|Any CPU = Release|Any CPU
	EndGlobalSection
	GlobalSection(ProjectConfigurationPlatforms) = postSolution
		{9518B971-AF2E-441B-93C4-FF42A71A4271}.Debug|Any CPU.ActiveCfg = Debug|Any CPU
		{9518B971-AF2E-441B-93C4-FF42A71A4271}.Debug|Any CPU.Build.0 = Debug|Any CPU
		{9518B971-AF2E-441B-93C4-FF42A71A4271}.Release|Any CPU.ActiveCfg = Release|Any CPU
		{9518B971-AF2E-441B-93C4-FF42A71A4271}.Release|Any CPU.Build.0 = Release|Any CPU
		{D333DCEA-BD04-4A6D-B11D-A6EEE511E48F}.Debug|Any CPU.ActiveCfg = Debug|Any CPU
		{D333DCEA-BD04-4A6D-B11D-A6EEE511E48F}.Debug|Any CPU.Build.0 = Debug|Any CPU
		{D333DCEA-BD04-4A6D-B11D-A6EEE511E48F}.Release|Any CPU.ActiveCfg = Release|Any CPU
		{D333DCEA-BD04-4A6D-B11D-A6EEE511E48F}.Release|Any CPU.Build.0 = Release|Any CPU
		{79C74CA0-5F31-498D-9735-1247CC9AB8AA}.Debug|Any CPU.ActiveCfg = Debug|Any CPU
		{79C74CA0-5F31-498D-9735-1247CC9AB8AA}.Debug|Any CPU.Build.0 = Debug|Any CPU
		{79C74CA0-5F31-498D-9735-1247CC9AB8AA}.Release|Any CPU.ActiveCfg = Release|Any CPU
		{79C74CA0-5F31-498D-9735-1247CC9AB8AA}.Release|Any CPU.Build.0 = Release|Any CPU
	EndGlobalSection
	GlobalSection(SolutionProperties) = preSolution
		HideSolutionNode = FALSE
	EndGlobalSection
	GlobalSection(ExtensibilityGlobals) = postSolution
		SolutionGuid = {E3201B81-9977-4DC7-B17C-E97189C2D0EC}
	EndGlobalSection
EndGlobal
